
Microsoft Visual Studio Solution File, Format Version 12.00
# Visual Studio 14
VisualStudioVersion = 14.0.23107.0
MinimumVisualStudioVersion = 10.0.40219.1
Project("{8BC9CEB8-8B4A-11D0-8D11-00A0C91BC942}") = "DCS Cockpit Controller", "DCS Cockpit Controller\DCS Cockpit Controller.vcxproj", "{86D17961-2B4F-4B4F-B51F-9CE4871AC2FF}"
EndProject
Project("{8BC9CEB8-8B4A-11D0-8D11-00A0C91BC942}") = "A_10C CMSC I2C", "A_10C CMSC I2C\A_10C CMSC I2C.vcxproj", "{C5F80730-F44F-4478-BDAE-6634EFC2CA88}"
EndProject
Project("{2150E333-8FDC-42A3-9474-1A3956D46DE8}") = "Solution Items", "Solution Items", "{6CDC5921-C500-476D-B19A-E3BD59732A3A}"
EndProject
Project("{8BC9CEB8-8B4A-11D0-8D11-00A0C91BC942}") = "DCS Files", "DCS Files\DCS Files.vcxproj", "{3FFFDB2E-597B-4783-94FF-E63F41A824BB}"
EndProject
Project("{8BC9CEB8-8B4A-11D0-8D11-00A0C91BC942}") = "LandingGear", "..\..\..\Documents\Arduino\LandingGear\LandingGear.vcxproj", "{C4CD06B0-3BEF-4D39-B8B5-584E40DF2AAD}"
EndProject
Project("{8BC9CEB8-8B4A-11D0-8D11-00A0C91BC942}") = "LandingLightsandSkid", "AtTiny85 Programs\LandingLightsandSkid\LandingLightsandSkid.vcxproj", "{8729834A-639D-4DEE-BD30-02D5674812D3}"
EndProject
Project("{8BC9CEB8-8B4A-11D0-8D11-00A0C91BC942}") = "Master Caution on V3 UFC", "AtTiny85 Programs\Master Caution on V3 UFC\Master Caution on V3 UFC.vcxproj", "{B9446B49-94B4-4836-BD43-D099BCAC7769}"
EndProject
Project("{8BC9CEB8-8B4A-11D0-8D11-00A0C91BC942}") = "TinyQED", "AtTiny85 Programs\TQED\Firmware\TinyQED.vcxproj", "{A7C4313D-2D94-4F4B-B224-BC6C966878C3}"
EndProject
Global
	GlobalSection(SolutionConfigurationPlatforms) = preSolution
		Debug|x64 = Debug|x64
		Debug|x86 = Debug|x86
		Release|x64 = Release|x64
		Release|x86 = Release|x86
	EndGlobalSection
	GlobalSection(ProjectConfigurationPlatforms) = postSolution
		{86D17961-2B4F-4B4F-B51F-9CE4871AC2FF}.Debug|x64.ActiveCfg = Debug|Win32
		{86D17961-2B4F-4B4F-B51F-9CE4871AC2FF}.Debug|x86.ActiveCfg = Debug|Win32
		{86D17961-2B4F-4B4F-B51F-9CE4871AC2FF}.Debug|x86.Build.0 = Debug|Win32
		{86D17961-2B4F-4B4F-B51F-9CE4871AC2FF}.Release|x64.ActiveCfg = Release|Win32
		{86D17961-2B4F-4B4F-B51F-9CE4871AC2FF}.Release|x86.ActiveCfg = Release|Win32
		{86D17961-2B4F-4B4F-B51F-9CE4871AC2FF}.Release|x86.Build.0 = Release|Win32
		{C5F80730-F44F-4478-BDAE-6634EFC2CA88}.Debug|x64.ActiveCfg = Debug|Win32
		{C5F80730-F44F-4478-BDAE-6634EFC2CA88}.Debug|x86.ActiveCfg = Debug|Win32
		{C5F80730-F44F-4478-BDAE-6634EFC2CA88}.Debug|x86.Build.0 = Debug|Win32
		{C5F80730-F44F-4478-BDAE-6634EFC2CA88}.Release|x64.ActiveCfg = Release|Win32
		{C5F80730-F44F-4478-BDAE-6634EFC2CA88}.Release|x86.ActiveCfg = Release|Win32
		{C5F80730-F44F-4478-BDAE-6634EFC2CA88}.Release|x86.Build.0 = Release|Win32
		{3FFFDB2E-597B-4783-94FF-E63F41A824BB}.Debug|x64.ActiveCfg = Debug|x64
		{3FFFDB2E-597B-4783-94FF-E63F41A824BB}.Debug|x64.Build.0 = Debug|x64
		{3FFFDB2E-597B-4783-94FF-E63F41A824BB}.Debug|x86.ActiveCfg = Debug|Win32
		{3FFFDB2E-597B-4783-94FF-E63F41A824BB}.Debug|x86.Build.0 = Debug|Win32
		{3FFFDB2E-597B-4783-94FF-E63F41A824BB}.Release|x64.ActiveCfg = Release|x64
		{3FFFDB2E-597B-4783-94FF-E63F41A824BB}.Release|x64.Build.0 = Release|x64
		{3FFFDB2E-597B-4783-94FF-E63F41A824BB}.Release|x86.ActiveCfg = Release|Win32
		{3FFFDB2E-597B-4783-94FF-E63F41A824BB}.Release|x86.Build.0 = Release|Win32
		{C4CD06B0-3BEF-4D39-B8B5-584E40DF2AAD}.Debug|x64.ActiveCfg = Debug|Win32
		{C4CD06B0-3BEF-4D39-B8B5-584E40DF2AAD}.Debug|x86.ActiveCfg = Debug|Win32
		{C4CD06B0-3BEF-4D39-B8B5-584E40DF2AAD}.Debug|x86.Build.0 = Debug|Win32
		{C4CD06B0-3BEF-4D39-B8B5-584E40DF2AAD}.Release|x64.ActiveCfg = Release|Win32
		{C4CD06B0-3BEF-4D39-B8B5-584E40DF2AAD}.Release|x86.ActiveCfg = Release|Win32
		{C4CD06B0-3BEF-4D39-B8B5-584E40DF2AAD}.Release|x86.Build.0 = Release|Win32
		{8729834A-639D-4DEE-BD30-02D5674812D3}.Debug|x64.ActiveCfg = Debug|Win32
		{8729834A-639D-4DEE-BD30-02D5674812D3}.Debug|x86.ActiveCfg = Debug|Win32
		{8729834A-639D-4DEE-BD30-02D5674812D3}.Debug|x86.Build.0 = Debug|Win32
		{8729834A-639D-4DEE-BD30-02D5674812D3}.Release|x64.ActiveCfg = Release|Win32
		{8729834A-639D-4DEE-BD30-02D5674812D3}.Release|x86.ActiveCfg = Release|Win32
		{8729834A-639D-4DEE-BD30-02D5674812D3}.Release|x86.Build.0 = Release|Win32
		{B9446B49-94B4-4836-BD43-D099BCAC7769}.Debug|x64.ActiveCfg = Debug|Win32
		{B9446B49-94B4-4836-BD43-D099BCAC7769}.Debug|x86.ActiveCfg = Debug|Win32
		{B9446B49-94B4-4836-BD43-D099BCAC7769}.Debug|x86.Build.0 = Debug|Win32
		{B9446B49-94B4-4836-BD43-D099BCAC7769}.Release|x64.ActiveCfg = Release|Win32
		{B9446B49-94B4-4836-BD43-D099BCAC7769}.Release|x86.ActiveCfg = Release|Win32
		{B9446B49-94B4-4836-BD43-D099BCAC7769}.Release|x86.Build.0 = Release|Win32
		{A7C4313D-2D94-4F4B-B224-BC6C966878C3}.Debug|x64.ActiveCfg = Debug|Win32
		{A7C4313D-2D94-4F4B-B224-BC6C966878C3}.Debug|x86.ActiveCfg = Debug|Win32
		{A7C4313D-2D94-4F4B-B224-BC6C966878C3}.Debug|x86.Build.0 = Debug|Win32
		{A7C4313D-2D94-4F4B-B224-BC6C966878C3}.Release|x64.ActiveCfg = Release|Win32
		{A7C4313D-2D94-4F4B-B224-BC6C966878C3}.Release|x86.ActiveCfg = Release|Win32
		{A7C4313D-2D94-4F4B-B224-BC6C966878C3}.Release|x86.Build.0 = Release|Win32
	EndGlobalSection
	GlobalSection(SolutionProperties) = preSolution
		HideSolutionNode = FALSE
	EndGlobalSection
EndGlobal
